
Microsoft Visual Studio Solution File, Format Version 11.00
# Visual Studio 2010
Project("{FAE04EC0-301F-11D3-BF4B-00C04F79EFBC}") = "Dsl", "Dsl\Dsl.csproj", "{A1FD5845-32B4-49E1-A177-6E4848A27CA2}"
EndProject
Project("{FAE04EC0-301F-11D3-BF4B-00C04F79EFBC}") = "DslPackage", "DslPackage\DslPackage.csproj", "{CE778B3A-EED0-4CA1-807D-B1DD2F1447CF}"
EndProject
Global
	GlobalSection(SolutionConfigurationPlatforms) = preSolution
		Debug|Any CPU = Debug|Any CPU
		Release|Any CPU = Release|Any CPU
	EndGlobalSection
	GlobalSection(ProjectConfigurationPlatforms) = postSolution
		{A1FD5845-32B4-49E1-A177-6E4848A27CA2}.Debug|Any CPU.ActiveCfg = Debug|Any CPU
		{A1FD5845-32B4-49E1-A177-6E4848A27CA2}.Debug|Any CPU.Build.0 = Debug|Any CPU
		{A1FD5845-32B4-49E1-A177-6E4848A27CA2}.Release|Any CPU.ActiveCfg = Release|Any CPU
		{A1FD5845-32B4-49E1-A177-6E4848A27CA2}.Release|Any CPU.Build.0 = Release|Any CPU
		{CE778B3A-EED0-4CA1-807D-B1DD2F1447CF}.Debug|Any CPU.ActiveCfg = Debug|Any CPU
		{CE778B3A-EED0-4CA1-807D-B1DD2F1447CF}.Debug|Any CPU.Build.0 = Debug|Any CPU
		{CE778B3A-EED0-4CA1-807D-B1DD2F1447CF}.Release|Any CPU.ActiveCfg = Release|Any CPU
		{CE778B3A-EED0-4CA1-807D-B1DD2F1447CF}.Release|Any CPU.Build.0 = Release|Any CPU
	EndGlobalSection
	GlobalSection(SolutionProperties) = preSolution
		HideSolutionNode = FALSE
	EndGlobalSection
EndGlobal
